
Microsoft Visual Studio Solution File, Format Version 12.00
# Visual Studio Version 17
VisualStudioVersion = 17.9.34728.123
MinimumVisualStudioVersion = 10.0.40219.1
Project("{8BC9CEB8-8B4A-11D0-8D11-00A0C91BC942}") = "uuz_shortcut_key", "uuz_shortcut_key\uuz_shortcut_key.vcxproj", "{E44E224A-93AD-4AF6-80A3-0614AF473174}"
EndProject
Project("{8BC9CEB8-8B4A-11D0-8D11-00A0C91BC942}") = "uuz_shortcut_mouse", "uuz_shortcut_mouse\uuz_shortcut_mouse.vcxproj", "{16C094E2-441D-493E-A177-C89A45114A1A}"
EndProject
Global
	GlobalSection(SolutionConfigurationPlatforms) = preSolution
		Debug|x64 = Debug|x64
		Release|x64 = Release|x64
	EndGlobalSection
	GlobalSection(ProjectConfigurationPlatforms) = postSolution
		{E44E224A-93AD-4AF6-80A3-0614AF473174}.Debug|x64.ActiveCfg = Debug|x64
		{E44E224A-93AD-4AF6-80A3-0614AF473174}.Debug|x64.Build.0 = Debug|x64
		{E44E224A-93AD-4AF6-80A3-0614AF473174}.Release|x64.ActiveCfg = Release|x64
		{E44E224A-93AD-4AF6-80A3-0614AF473174}.Release|x64.Build.0 = Release|x64
		{16C094E2-441D-493E-A177-C89A45114A1A}.Debug|x64.ActiveCfg = Debug|x64
		{16C094E2-441D-493E-A177-C89A45114A1A}.Debug|x64.Build.0 = Debug|x64
		{16C094E2-441D-493E-A177-C89A45114A1A}.Release|x64.ActiveCfg = Release|x64
		{16C094E2-441D-493E-A177-C89A45114A1A}.Release|x64.Build.0 = Release|x64
	EndGlobalSection
	GlobalSection(SolutionProperties) = preSolution
		HideSolutionNode = FALSE
	EndGlobalSection
	GlobalSection(ExtensibilityGlobals) = postSolution
		SolutionGuid = {EF060A55-8892-47B3-8B0A-90E21FAB9D9C}
	EndGlobalSection
EndGlobal
