<?xml version="1.0" encoding="utf-8"?>
<Project ToolsVersion="4.0" xmlns="http://schemas.microsoft.com/developer/msbuild/2003">
  <ItemGroup>
    <Filter Include="Source Files">
      <UniqueIdentifier>{4FC737F1-C7A5-4376-A066-2A32D752A2FF}</UniqueIdentifier>
      <Extensions>qml;cpp;c;cc;cxx;def;odl;idl;hpj;bat;asm;asmx</Extensions>
    </Filter>
    <Filter Include="Header Files">
      <UniqueIdentifier>{93995380-89BD-4b04-88EB-625FBE52EBFB}</UniqueIdentifier>
      <Extensions>h;hh;hpp;hxx;hm;inl;inc;xsd</Extensions>
    </Filter>
    <Filter Include="Resource Files">
      <UniqueIdentifier>{67DA6AB6-F800-4c08-8B7A-83BB121AAD01}</UniqueIdentifier>
      <Extensions>qrc;rc;ico;cur;bmp;dlg;rc2;rct;bin;rgs;gif;jpg;jpeg;jpe;resx;tiff;tif;png;wav;mfcribbon-ms</Extensions>
    </Filter>
    <Filter Include="Form Files">
      <UniqueIdentifier>{99349809-55BA-4b9d-BF79-8FDBB0286EB3}</UniqueIdentifier>
      <Extensions>ui</Extensions>
    </Filter>
    <Filter Include="Translation Files">
      <UniqueIdentifier>{639EADAA-A684-42e4-A9AD-28FC9BCB8F7C}</UniqueIdentifier>
      <Extensions>ts</Extensions>
    </Filter>
    <Filter Include="Source Files\Component">
      <UniqueIdentifier>{4c3a1ac9-e4be-481b-867c-e0448d39e2c4}</UniqueIdentifier>
    </Filter>
    <Filter Include="Header Files\Component">
      <UniqueIdentifier>{a407e7fe-1c98-406e-977c-f48a61faf501}</UniqueIdentifier>
    </Filter>
    <Filter Include="Source Files\window">
      <UniqueIdentifier>{4b6be82e-e149-4893-b955-98ca70c78cee}</UniqueIdentifier>
    </Filter>
    <Filter Include="Header Files\window">
      <UniqueIdentifier>{b06aaa61-e970-4c8d-be61-6007d93a54d5}</UniqueIdentifier>
    </Filter>
    <Filter Include="Source Files\tools">
      <UniqueIdentifier>{f711d78a-9917-40c6-ad6e-80470aff18bb}</UniqueIdentifier>
    </Filter>
    <Filter Include="Header Files\tools">
      <UniqueIdentifier>{a6f98a39-6a73-43bc-8dfe-e1005da5025e}</UniqueIdentifier>
    </Filter>
  </ItemGroup>
  <ItemGroup>
    <QtRcc Include="mainwidget.qrc">
      <Filter>Resource Files</Filter>
    </QtRcc>
    <QtUic Include="mainwidget.ui">
      <Filter>Form Files</Filter>
    </QtUic>
    <QtMoc Include="mainwidget.h">
      <Filter>Header Files</Filter>
    </QtMoc>
    <ClCompile Include="mainwidget.cpp">
      <Filter>Source Files</Filter>
    </ClCompile>
    <None Include="uuz_shortcut_mouse.ico">
      <Filter>Resource Files</Filter>
    </None>
    <ResourceCompile Include="uuz_shortcut_mouse.rc">
      <Filter>Resource Files</Filter>
    </ResourceCompile>
  </ItemGroup>
  <ItemGroup>
    <ClCompile Include="main.cpp">
      <Filter>Source Files</Filter>
    </ClCompile>
    <ClCompile Include="config.cpp">
      <Filter>Source Files\Component</Filter>
    </ClCompile>
    <ClCompile Include="Everything.c">
      <Filter>Source Files\Component</Filter>
    </ClCompile>
    <ClCompile Include="IconButton.cpp">
      <Filter>Source Files\window</Filter>
    </ClCompile>
    <ClCompile Include="icons_inner_widget.cpp">
      <Filter>Source Files\window</Filter>
    </ClCompile>
    <ClCompile Include="search_line.cpp">
      <Filter>Source Files\window</Filter>
    </ClCompile>
    <ClCompile Include="WindowsHookKeyEx.cpp">
      <Filter>Source Files\Component</Filter>
    </ClCompile>
    <ClCompile Include="keyEvent.cpp">
      <Filter>Source Files\Component</Filter>
    </ClCompile>
    <ClCompile Include="logger.cpp">
      <Filter>Source Files\tools</Filter>
    </ClCompile>
    <ClCompile Include="WindowsHookMouseEx.cpp">
      <Filter>Source Files\Component</Filter>
    </ClCompile>
    <ClCompile Include="config_window.cpp">
      <Filter>Source Files\window</Filter>
    </ClCompile>
    <ClCompile Include="search_content.cpp">
      <Filter>Header Files\window</Filter>
    </ClCompile>
    <ClCompile Include="search_content.cpp">
      <Filter>Source Files\window</Filter>
    </ClCompile>
  </ItemGroup>
  <ItemGroup>
    <ClInclude Include="json.hpp">
      <Filter>Source Files\Component</Filter>
    </ClInclude>
    <ClInclude Include="config.h">
      <Filter>Header Files\Component</Filter>
    </ClInclude>
    <ClInclude Include="Everything.h">
      <Filter>Header Files\Component</Filter>
    </ClInclude>
    <ClInclude Include="everything_ipc.h">
      <Filter>Header Files\Component</Filter>
    </ClInclude>
    <ClInclude Include="WindowsHookKeyEx.h">
      <Filter>Header Files\Component</Filter>
    </ClInclude>
    <ClInclude Include="keyEvent.h">
      <Filter>Header Files\Component</Filter>
    </ClInclude>
    <ClInclude Include="WindowsHookMouseEx.h">
      <Filter>Header Files\window</Filter>
    </ClInclude>
  </ItemGroup>
  <ItemGroup>
    <QtMoc Include="iconButton.h">
      <Filter>Header Files\window</Filter>
    </QtMoc>
    <QtMoc Include="icons_inner_widget.h">
      <Filter>Header Files\window</Filter>
    </QtMoc>
    <QtMoc Include="search_content.h">
      <Filter>Header Files\window</Filter>
    </QtMoc>
    <QtMoc Include="Search_line.h">
      <Filter>Source Files\Component</Filter>
    </QtMoc>
    <QtMoc Include="Search_line.h">
      <Filter>Header Files\window</Filter>
    </QtMoc>
    <QtMoc Include="logger.h">
      <Filter>Header Files\tools</Filter>
    </QtMoc>
    <QtMoc Include="config_window.h">
      <Filter>Source Files\window</Filter>
    </QtMoc>
    <QtMoc Include="config_window.h">
      <Filter>Header Files\window</Filter>
    </QtMoc>
  </ItemGroup>
  <ItemGroup>
    <QtUic Include="icon_button.ui">
      <Filter>Form Files</Filter>
    </QtUic>
    <QtUic Include="icons_inner_widget.ui">
      <Filter>Form Files</Filter>
    </QtUic>
    <QtUic Include="search_content.ui">
      <Filter>Header Files\window</Filter>
    </QtUic>
    <QtUic Include="search_content.ui">
      <Filter>Form Files</Filter>
    </QtUic>
    <QtUic Include="Search_line.ui">
      <Filter>Source Files\Component</Filter>
    </QtUic>
    <QtUic Include="Search_line.ui">
      <Filter>Form Files</Filter>
    </QtUic>
  </ItemGroup>
</Project>