<?xml version="1.0" encoding="utf-8"?>
<Project ToolsVersion="4.0" xmlns="http://schemas.microsoft.com/developer/msbuild/2003">
  <ItemGroup>
    <Filter Include="Source Files">
      <UniqueIdentifier>{4FC737F1-C7A5-4376-A066-2A32D752A2FF}</UniqueIdentifier>
      <Extensions>qml;cpp;c;cc;cxx;def;odl;idl;hpj;bat;asm;asmx</Extensions>
    </Filter>
    <Filter Include="Header Files">
      <UniqueIdentifier>{93995380-89BD-4b04-88EB-625FBE52EBFB}</UniqueIdentifier>
      <Extensions>h;hh;hpp;hxx;hm;inl;inc;xsd</Extensions>
    </Filter>
    <Filter Include="Resource Files">
      <UniqueIdentifier>{67DA6AB6-F800-4c08-8B7A-83BB121AAD01}</UniqueIdentifier>
      <Extensions>qrc;rc;ico;cur;bmp;dlg;rc2;rct;bin;rgs;gif;jpg;jpeg;jpe;resx;tiff;tif;png;wav;mfcribbon-ms</Extensions>
    </Filter>
    <Filter Include="Form Files">
      <UniqueIdentifier>{99349809-55BA-4b9d-BF79-8FDBB0286EB3}</UniqueIdentifier>
      <Extensions>ui</Extensions>
    </Filter>
    <Filter Include="Translation Files">
      <UniqueIdentifier>{639EADAA-A684-42e4-A9AD-28FC9BCB8F7C}</UniqueIdentifier>
      <Extensions>ts</Extensions>
    </Filter>
    <Filter Include="Source Files\Component">
      <UniqueIdentifier>{148f835f-3c4f-4332-8a83-216edb3e1be4}</UniqueIdentifier>
    </Filter>
    <Filter Include="Header Files\Component">
      <UniqueIdentifier>{d8c10ad7-3321-42c5-8fb1-b8354c6c2cf0}</UniqueIdentifier>
    </Filter>
    <Filter Include="Source Files\delegate">
      <UniqueIdentifier>{79d7aebb-d0ca-4069-adde-fec58c90e5e3}</UniqueIdentifier>
    </Filter>
    <Filter Include="Header Files\delegate">
      <UniqueIdentifier>{579549fc-ede4-4ba9-9621-a1f25c03fe5d}</UniqueIdentifier>
    </Filter>
    <Filter Include="Source Files\core">
      <UniqueIdentifier>{f65128b3-440e-44b2-b83f-ddfb6c7b45d4}</UniqueIdentifier>
    </Filter>
    <Filter Include="Header Files\core">
      <UniqueIdentifier>{35c3ff02-7203-4be4-91dd-71d7dae9ade5}</UniqueIdentifier>
    </Filter>
    <Filter Include="Source Files\tools">
      <UniqueIdentifier>{0c27a2d9-5c4d-483f-989b-bef7463e86ff}</UniqueIdentifier>
    </Filter>
    <Filter Include="Header Files\tools">
      <UniqueIdentifier>{e65d6c37-1724-483f-b457-ee6ac15b4005}</UniqueIdentifier>
    </Filter>
  </ItemGroup>
  <ItemGroup>
    <QtUic Include="mainwindow.ui">
      <Filter>Form Files</Filter>
    </QtUic>
    <QtMoc Include="mainwindow.h">
      <Filter>Header Files</Filter>
    </QtMoc>
    <ClCompile Include="mainwindow.cpp">
      <Filter>Source Files</Filter>
    </ClCompile>
    <QtRcc Include="Resource.qrc">
      <Filter>Resource Files</Filter>
    </QtRcc>
  </ItemGroup>
  <ItemGroup>
    <ClCompile Include="main.cpp">
      <Filter>Source Files</Filter>
    </ClCompile>
    <ClCompile Include="my_lineedit_exe_path.cpp">
      <Filter>Source Files\Component</Filter>
    </ClCompile>
    <ClCompile Include="my_dialog_accept_filepath.cpp">
      <Filter>Source Files\Component</Filter>
    </ClCompile>
    <ClCompile Include="my_dialog_key_input.cpp">
      <Filter>Source Files\Component</Filter>
    </ClCompile>
    <ClCompile Include="substyleditemdelegate.cpp">
      <Filter>Source Files\delegate</Filter>
    </ClCompile>
    <ClCompile Include="keyEvent.cpp">
      <Filter>Source Files\Component</Filter>
    </ClCompile>
    <ClCompile Include="startQuickly.cpp">
      <Filter>Source Files\core</Filter>
    </ClCompile>
    <ClCompile Include="WindowsHookEx.cpp">
      <Filter>Source Files\core</Filter>
    </ClCompile>
    <ClCompile Include="logger.cpp">
      <Filter>Source Files</Filter>
    </ClCompile>
    <ClCompile Include="tools.cpp">
      <Filter>Source Files\tools</Filter>
    </ClCompile>
  </ItemGroup>
  <ItemGroup>
    <QtMoc Include="my_dialog_accept_filepath.h">
      <Filter>Header Files\Component</Filter>
    </QtMoc>
    <QtMoc Include="my_lineedit_exe_path.h">
      <Filter>Header Files\Component</Filter>
    </QtMoc>
    <QtMoc Include="my_dialog_key_input.h">
      <Filter>Header Files\Component</Filter>
    </QtMoc>
    <QtMoc Include="my_dialog_key_input.h">
      <Filter>Header Files\Component</Filter>
    </QtMoc>
    <QtMoc Include="substyleditemdelegate.h">
      <Filter>Header Files\delegate</Filter>
    </QtMoc>
    <QtMoc Include="logger.h">
      <Filter>Header Files</Filter>
    </QtMoc>
    <QtMoc Include="Trigger.hpp">
      <Filter>Source Files\Component</Filter>
    </QtMoc>
    <QtMoc Include="tools.h">
      <Filter>Header Files\tools</Filter>
    </QtMoc>
  </ItemGroup>
  <ItemGroup>
    <ClInclude Include="json.hpp">
      <Filter>Source Files\Component</Filter>
    </ClInclude>
    <ClInclude Include="keyEvent.h">
      <Filter>Header Files\Component</Filter>
    </ClInclude>
    <ClInclude Include="WindowsHookEx.h">
      <Filter>Header Files\core</Filter>
    </ClInclude>
    <ClInclude Include="startQuickly.h">
      <Filter>Header Files\core</Filter>
    </ClInclude>
  </ItemGroup>
  <ItemGroup>
    <None Include="uuz_zh_CN.qm">
      <Filter>Translation Files</Filter>
    </None>
    <None Include="..\README.md" />
  </ItemGroup>
  <ItemGroup>
    <QtTranslation Include="uuz_zh_CN.ts">
      <Filter>Translation Files</Filter>
    </QtTranslation>
  </ItemGroup>
</Project>